
Microsoft Visual Studio Solution File, Format Version 12.00
# Visual Studio Version 17
VisualStudioVersion = 17.5.33627.172
MinimumVisualStudioVersion = 10.0.40219.1
Project("{9A19103F-16F7-4668-BE54-9A1E7A4F7556}") = "Actividad_18.Server", "Server\Actividad_18.Server.csproj", "{F9ADCA31-A9BC-49E7-80A6-15DB996B2931}"
EndProject
Project("{9A19103F-16F7-4668-BE54-9A1E7A4F7556}") = "Actividad_18.Client", "Client\Actividad_18.Client.csproj", "{18CB01A0-EADB-44F0-BC7F-E80F5C033EE9}"
EndProject
Project("{9A19103F-16F7-4668-BE54-9A1E7A4F7556}") = "Actividad_18.Shared", "Shared\Actividad_18.Shared.csproj", "{F188BF56-EC00-4AE5-A692-E3E7DC08FA5B}"
EndProject
Global
	GlobalSection(SolutionConfigurationPlatforms) = preSolution
		Debug|Any CPU = Debug|Any CPU
		Release|Any CPU = Release|Any CPU
	EndGlobalSection
	GlobalSection(ProjectConfigurationPlatforms) = postSolution
		{F9ADCA31-A9BC-49E7-80A6-15DB996B2931}.Debug|Any CPU.ActiveCfg = Debug|Any CPU
		{F9ADCA31-A9BC-49E7-80A6-15DB996B2931}.Debug|Any CPU.Build.0 = Debug|Any CPU
		{F9ADCA31-A9BC-49E7-80A6-15DB996B2931}.Release|Any CPU.ActiveCfg = Release|Any CPU
		{F9ADCA31-A9BC-49E7-80A6-15DB996B2931}.Release|Any CPU.Build.0 = Release|Any CPU
		{18CB01A0-EADB-44F0-BC7F-E80F5C033EE9}.Debug|Any CPU.ActiveCfg = Debug|Any CPU
		{18CB01A0-EADB-44F0-BC7F-E80F5C033EE9}.Debug|Any CPU.Build.0 = Debug|Any CPU
		{18CB01A0-EADB-44F0-BC7F-E80F5C033EE9}.Release|Any CPU.ActiveCfg = Release|Any CPU
		{18CB01A0-EADB-44F0-BC7F-E80F5C033EE9}.Release|Any CPU.Build.0 = Release|Any CPU
		{F188BF56-EC00-4AE5-A692-E3E7DC08FA5B}.Debug|Any CPU.ActiveCfg = Debug|Any CPU
		{F188BF56-EC00-4AE5-A692-E3E7DC08FA5B}.Debug|Any CPU.Build.0 = Debug|Any CPU
		{F188BF56-EC00-4AE5-A692-E3E7DC08FA5B}.Release|Any CPU.ActiveCfg = Release|Any CPU
		{F188BF56-EC00-4AE5-A692-E3E7DC08FA5B}.Release|Any CPU.Build.0 = Release|Any CPU
	EndGlobalSection
	GlobalSection(SolutionProperties) = preSolution
		HideSolutionNode = FALSE
	EndGlobalSection
	GlobalSection(ExtensibilityGlobals) = postSolution
		SolutionGuid = {2C243DD6-552B-48B0-9A24-2398A70B35F8}
	EndGlobalSection
EndGlobal
